
Microsoft Visual Studio Solution File, Format Version 12.00
# Visual Studio Version 16
VisualStudioVersion = 16.0.29709.97
MinimumVisualStudioVersion = 10.0.40219.1
Project("{8BC9CEB8-8B4A-11D0-8D11-00A0C91BC942}") = "分类通讯录管理系统", "分类通讯录管理系统\分类通讯录管理系统.vcxproj", "{8B61045E-6847-46CD-AFAD-C436897B51B2}"
EndProject
Global
	GlobalSection(SolutionConfigurationPlatforms) = preSolution
		Debug|x64 = Debug|x64
		Debug|x86 = Debug|x86
		Release|x64 = Release|x64
		Release|x86 = Release|x86
	EndGlobalSection
	GlobalSection(ProjectConfigurationPlatforms) = postSolution
		{8B61045E-6847-46CD-AFAD-C436897B51B2}.Debug|x64.ActiveCfg = Debug|x64
		{8B61045E-6847-46CD-AFAD-C436897B51B2}.Debug|x64.Build.0 = Debug|x64
		{8B61045E-6847-46CD-AFAD-C436897B51B2}.Debug|x86.ActiveCfg = Debug|Win32
		{8B61045E-6847-46CD-AFAD-C436897B51B2}.Debug|x86.Build.0 = Debug|Win32
		{8B61045E-6847-46CD-AFAD-C436897B51B2}.Release|x64.ActiveCfg = Release|x64
		{8B61045E-6847-46CD-AFAD-C436897B51B2}.Release|x64.Build.0 = Release|x64
		{8B61045E-6847-46CD-AFAD-C436897B51B2}.Release|x86.ActiveCfg = Release|Win32
		{8B61045E-6847-46CD-AFAD-C436897B51B2}.Release|x86.Build.0 = Release|Win32
	EndGlobalSection
	GlobalSection(SolutionProperties) = preSolution
		HideSolutionNode = FALSE
	EndGlobalSection
	GlobalSection(ExtensibilityGlobals) = postSolution
		SolutionGuid = {6DF73DE7-BD87-40E2-AC53-1480BDCB7D1F}
	EndGlobalSection
EndGlobal
